Microsoft Visual Studio Solution File, Format Version 12.00
# Visual Studio Version 17
VisualStudioVersion = 17.8.34330.188
MinimumVisualStudioVersion = 10.0.40219.1
Project("{FAE04EC0-301F-11D3-BF4B-00C04F79EFBC}") = "Navigation.Core", "Navigation.Core\Navigation.Core.csproj", "1ddc46cf-8a3b-4324-8738-2c2081298008"
EndProject
Project("{FAE04EC0-301F-11D3-BF4B-00C04F79EFBC}") = "Navigation.Test", "Navigation.Test\Navigation.Test.csproj", "a801e7c9-36b5-474d-8067-516a44526556"
EndProject
Global
	GlobalSection(SolutionConfigurationPlatforms) = preSolution
		Debug|Any CPU = Debug|Any CPU
		Release|Any CPU = Release|Any CPU
	EndGlobalSection
	GlobalSection(ProjectConfigurationPlatforms) = postSolution
		{1ddc46cf-8a3b-4324-8738-2c2081298008}.Debug|Any CPU.ActiveCfg = Debug|Any CPU
		{1ddc46cf-8a3b-4324-8738-2c2081298008}.Debug|Any CPU.Build.0 = Debug|Any CPU
		{1ddc46cf-8a3b-4324-8738-2c2081298008}.Release|Any CPU.ActiveCfg = Release|Any CPU
		{1ddc46cf-8a3b-4324-8738-2c2081298008}.Release|Any CPU.Build.0 = Release|Any CPU
		{a801e7c9-36b5-474d-8067-516a44526556}.Debug|Any CPU.ActiveCfg = Debug|Any CPU
		{a801e7c9-36b5-474d-8067-516a44526556}.Debug|Any CPU.Build.0 = Debug|Any CPU
		{a801e7c9-36b5-474d-8067-516a44526556}.Release|Any CPU.ActiveCfg = Release|Any CPU
		{a801e7c9-36b5-474d-8067-516a44526556}.Release|Any CPU.Build.0 = Release|Any CPU
	EndGlobalSection
	GlobalSection(SolutionProperties) = preSolution
		HideSolutionNode = FALSE
	EndGlobalSection
	GlobalSection(ExtensibilityGlobals) = postSolution
		SolutionGuid = {3893b759-b210-44f6-93d3-ecf1bb5b1ba3}
	EndGlobalSection
EndGlobal
